
Microsoft Visual Studio Solution File, Format Version 12.00
# Visual Studio Version 17
VisualStudioVersion = 17.2.32630.192
MinimumVisualStudioVersion = 10.0.40219.1
Project("{FAE04EC0-301F-11D3-BF4B-00C04F79EFBC}") = "testWebAPI", "testWebAPI\testWebAPI.csproj", "{93B5872F-ED91-4A8F-B77B-812B378474FF}"
EndProject
Global
	GlobalSection(SolutionConfigurationPlatforms) = preSolution
		Debug|Any CPU = Debug|Any CPU
		Release|Any CPU = Release|Any CPU
	EndGlobalSection
	GlobalSection(ProjectConfigurationPlatforms) = postSolution
		{93B5872F-ED91-4A8F-B77B-812B378474FF}.Debug|Any CPU.ActiveCfg = Debug|Any CPU
		{93B5872F-ED91-4A8F-B77B-812B378474FF}.Debug|Any CPU.Build.0 = Debug|Any CPU
		{93B5872F-ED91-4A8F-B77B-812B378474FF}.Release|Any CPU.ActiveCfg = Release|Any CPU
		{93B5872F-ED91-4A8F-B77B-812B378474FF}.Release|Any CPU.Build.0 = Release|Any CPU
	EndGlobalSection
	GlobalSection(SolutionProperties) = preSolution
		HideSolutionNode = FALSE
	EndGlobalSection
	GlobalSection(ExtensibilityGlobals) = postSolution
		SolutionGuid = {A98AB449-B427-4C3A-98A5-8EA900B5EEBD}
	EndGlobalSection
EndGlobal
